
Microsoft Visual Studio Solution File, Format Version 12.00
# Visual Studio Version 16
VisualStudioVersion = 16.0.31321.278
MinimumVisualStudioVersion = 10.0.40219.1
Project("{FAE04EC0-301F-11D3-BF4B-00C04F79EFBC}") = "MegaIOMobile.UWP", "MegaIOMobile.UWP\MegaIOMobile.UWP.csproj", "{DFB9B7AE-C905-4A19-A62C-B89DD1E8A674}"
EndProject
Project("{FAE04EC0-301F-11D3-BF4B-00C04F79EFBC}") = "MegaIOMobile.Android", "MegaIOMobile.Android\MegaIOMobile.Android.csproj", "{4EFBC187-7C3E-4191-A8B3-0AEBA8AC6B5E}"
EndProject
Project("{FAE04EC0-301F-11D3-BF4B-00C04F79EFBC}") = "MegaIOMobile.iOS", "MegaIOMobile.iOS\MegaIOMobile.iOS.csproj", "{CEFA23D9-AA26-4DE4-8ACA-8344B243597F}"
EndProject
Project("{FAE04EC0-301F-11D3-BF4B-00C04F79EFBC}") = "MegaIOMobile", "MegaIOMobile\MegaIOMobile.csproj", "{9BF2874D-1BCA-4E7C-ACE7-AE979AE1C060}"
EndProject
Global
	GlobalSection(SolutionConfigurationPlatforms) = preSolution
		Debug|Any CPU = Debug|Any CPU
		Debug|ARM = Debug|ARM
		Debug|iPhone = Debug|iPhone
		Debug|iPhoneSimulator = Debug|iPhoneSimulator
		Debug|x64 = Debug|x64
		Debug|x86 = Debug|x86
		Release|Any CPU = Release|Any CPU
		Release|ARM = Release|ARM
		Release|iPhone = Release|iPhone
		Release|iPhoneSimulator = Release|iPhoneSimulator
		Release|x64 = Release|x64
		Release|x86 = Release|x86
	EndGlobalSection
	GlobalSection(ProjectConfigurationPlatforms) = postSolution
		{DFB9B7AE-C905-4A19-A62C-B89DD1E8A674}.Debug|Any CPU.ActiveCfg = Debug|x86
		{DFB9B7AE-C905-4A19-A62C-B89DD1E8A674}.Debug|Any CPU.Build.0 = Debug|x86
		{DFB9B7AE-C905-4A19-A62C-B89DD1E8A674}.Debug|Any CPU.Deploy.0 = Debug|x86
		{DFB9B7AE-C905-4A19-A62C-B89DD1E8A674}.Debug|ARM.ActiveCfg = Debug|ARM
		{DFB9B7AE-C905-4A19-A62C-B89DD1E8A674}.Debug|ARM.Build.0 = Debug|ARM
		{DFB9B7AE-C905-4A19-A62C-B89DD1E8A674}.Debug|ARM.Deploy.0 = Debug|ARM
		{DFB9B7AE-C905-4A19-A62C-B89DD1E8A674}.Debug|iPhone.ActiveCfg = Debug|x86
		{DFB9B7AE-C905-4A19-A62C-B89DD1E8A674}.Debug|iPhone.Build.0 = Debug|x86
		{DFB9B7AE-C905-4A19-A62C-B89DD1E8A674}.Debug|iPhone.Deploy.0 = Debug|x86
		{DFB9B7AE-C905-4A19-A62C-B89DD1E8A674}.Debug|iPhoneSimulator.ActiveCfg = Debug|x86
		{DFB9B7AE-C905-4A19-A62C-B89DD1E8A674}.Debug|iPhoneSimulator.Build.0 = Debug|x86
		{DFB9B7AE-C905-4A19-A62C-B89DD1E8A674}.Debug|iPhoneSimulator.Deploy.0 = Debug|x86
		{DFB9B7AE-C905-4A19-A62C-B89DD1E8A674}.Debug|x64.ActiveCfg = Debug|x64
		{DFB9B7AE-C905-4A19-A62C-B89DD1E8A674}.Debug|x64.Build.0 = Debug|x64
		{DFB9B7AE-C905-4A19-A62C-B89DD1E8A674}.Debug|x64.Deploy.0 = Debug|x64
		{DFB9B7AE-C905-4A19-A62C-B89DD1E8A674}.Debug|x86.ActiveCfg = Debug|x86
		{DFB9B7AE-C905-4A19-A62C-B89DD1E8A674}.Debug|x86.Build.0 = Debug|x86
		{DFB9B7AE-C905-4A19-A62C-B89DD1E8A674}.Debug|x86.Deploy.0 = Debug|x86
		{DFB9B7AE-C905-4A19-A62C-B89DD1E8A674}.Release|Any CPU.ActiveCfg = Release|x86
		{DFB9B7AE-C905-4A19-A62C-B89DD1E8A674}.Release|Any CPU.Build.0 = Release|x86
		{DFB9B7AE-C905-4A19-A62C-B89DD1E8A674}.Release|Any CPU.Deploy.0 = Release|x86
		{DFB9B7AE-C905-4A19-A62C-B89DD1E8A674}.Release|ARM.ActiveCfg = Release|ARM
		{DFB9B7AE-C905-4A19-A62C-B89DD1E8A674}.Release|ARM.Build.0 = Release|ARM
		{DFB9B7AE-C905-4A19-A62C-B89DD1E8A674}.Release|ARM.Deploy.0 = Release|ARM
		{DFB9B7AE-C905-4A19-A62C-B89DD1E8A674}.Release|iPhone.ActiveCfg = Release|x86
		{DFB9B7AE-C905-4A19-A62C-B89DD1E8A674}.Release|iPhone.Build.0 = Release|x86
		{DFB9B7AE-C905-4A19-A62C-B89DD1E8A674}.Release|iPhone.Deploy.0 = Release|x86
		{DFB9B7AE-C905-4A19-A62C-B89DD1E8A674}.Release|iPhoneSimulator.ActiveCfg = Release|x86
		{DFB9B7AE-C905-4A19-A62C-B89DD1E8A674}.Release|iPhoneSimulator.Build.0 = Release|x86
		{DFB9B7AE-C905-4A19-A62C-B89DD1E8A674}.Release|iPhoneSimulator.Deploy.0 = Release|x86
		{DFB9B7AE-C905-4A19-A62C-B89DD1E8A674}.Release|x64.ActiveCfg = Release|x64
		{DFB9B7AE-C905-4A19-A62C-B89DD1E8A674}.Release|x64.Build.0 = Release|x64
		{DFB9B7AE-C905-4A19-A62C-B89DD1E8A674}.Release|x64.Deploy.0 = Release|x64
		{DFB9B7AE-C905-4A19-A62C-B89DD1E8A674}.Release|x86.ActiveCfg = Release|x86
		{DFB9B7AE-C905-4A19-A62C-B89DD1E8A674}.Release|x86.Build.0 = Release|x86
		{DFB9B7AE-C905-4A19-A62C-B89DD1E8A674}.Release|x86.Deploy.0 = Release|x86
		{4EFBC187-7C3E-4191-A8B3-0AEBA8AC6B5E}.Debug|Any CPU.ActiveCfg = Debug|Any CPU
		{4EFBC187-7C3E-4191-A8B3-0AEBA8AC6B5E}.Debug|Any CPU.Build.0 = Debug|Any CPU
		{4EFBC187-7C3E-4191-A8B3-0AEBA8AC6B5E}.Debug|Any CPU.Deploy.0 = Debug|Any CPU
		{4EFBC187-7C3E-4191-A8B3-0AEBA8AC6B5E}.Debug|ARM.ActiveCfg = Debug|Any CPU
		{4EFBC187-7C3E-4191-A8B3-0AEBA8AC6B5E}.Debug|ARM.Build.0 = Debug|Any CPU
		{4EFBC187-7C3E-4191-A8B3-0AEBA8AC6B5E}.Debug|ARM.Deploy.0 = Debug|Any CPU
		{4EFBC187-7C3E-4191-A8B3-0AEBA8AC6B5E}.Debug|iPhone.ActiveCfg = Debug|Any CPU
		{4EFBC187-7C3E-4191-A8B3-0AEBA8AC6B5E}.Debug|iPhone.Build.0 = Debug|Any CPU
		{4EFBC187-7C3E-4191-A8B3-0AEBA8AC6B5E}.Debug|iPhone.Deploy.0 = Debug|Any CPU
		{4EFBC187-7C3E-4191-A8B3-0AEBA8AC6B5E}.Debug|iPhoneSimulator.ActiveCfg = Debug|Any CPU
		{4EFBC187-7C3E-4191-A8B3-0AEBA8AC6B5E}.Debug|iPhoneSimulator.Build.0 = Debug|Any CPU
		{4EFBC187-7C3E-4191-A8B3-0AEBA8AC6B5E}.Debug|iPhoneSimulator.Deploy.0 = Debug|Any CPU
		{4EFBC187-7C3E-4191-A8B3-0AEBA8AC6B5E}.Debug|x64.ActiveCfg = Debug|Any CPU
		{4EFBC187-7C3E-4191-A8B3-0AEBA8AC6B5E}.Debug|x64.Build.0 = Debug|Any CPU
		{4EFBC187-7C3E-4191-A8B3-0AEBA8AC6B5E}.Debug|x64.Deploy.0 = Debug|Any CPU
		{4EFBC187-7C3E-4191-A8B3-0AEBA8AC6B5E}.Debug|x86.ActiveCfg = Debug|Any CPU
		{4EFBC187-7C3E-4191-A8B3-0AEBA8AC6B5E}.Debug|x86.Build.0 = Debug|Any CPU
		{4EFBC187-7C3E-4191-A8B3-0AEBA8AC6B5E}.Debug|x86.Deploy.0 = Debug|Any CPU
		{4EFBC187-7C3E-4191-A8B3-0AEBA8AC6B5E}.Release|Any CPU.ActiveCfg = Release|Any CPU
		{4EFBC187-7C3E-4191-A8B3-0AEBA8AC6B5E}.Release|Any CPU.Build.0 = Release|Any CPU
		{4EFBC187-7C3E-4191-A8B3-0AEBA8AC6B5E}.Release|Any CPU.Deploy.0 = Release|Any CPU
		{4EFBC187-7C3E-4191-A8B3-0AEBA8AC6B5E}.Release|ARM.ActiveCfg = Release|Any CPU
		{4EFBC187-7C3E-4191-A8B3-0AEBA8AC6B5E}.Release|ARM.Build.0 = Release|Any CPU
		{4EFBC187-7C3E-4191-A8B3-0AEBA8AC6B5E}.Release|ARM.Deploy.0 = Release|Any CPU
		{4EFBC187-7C3E-4191-A8B3-0AEBA8AC6B5E}.Release|iPhone.ActiveCfg = Release|Any CPU
		{4EFBC187-7C3E-4191-A8B3-0AEBA8AC6B5E}.Release|iPhone.Build.0 = Release|Any CPU
		{4EFBC187-7C3E-4191-A8B3-0AEBA8AC6B5E}.Release|iPhone.Deploy.0 = Release|Any CPU
		{4EFBC187-7C3E-4191-A8B3-0AEBA8AC6B5E}.Release|iPhoneSimulator.ActiveCfg = Release|Any CPU
		{4EFBC187-7C3E-4191-A8B3-0AEBA8AC6B5E}.Release|iPhoneSimulator.Build.0 = Release|Any CPU
		{4EFBC187-7C3E-4191-A8B3-0AEBA8AC6B5E}.Release|iPhoneSimulator.Deploy.0 = Release|Any CPU
		{4EFBC187-7C3E-4191-A8B3-0AEBA8AC6B5E}.Release|x64.ActiveCfg = Release|Any CPU
		{4EFBC187-7C3E-4191-A8B3-0AEBA8AC6B5E}.Release|x64.Build.0 = Release|Any CPU
		{4EFBC187-7C3E-4191-A8B3-0AEBA8AC6B5E}.Release|x64.Deploy.0 = Release|Any CPU
		{4EFBC187-7C3E-4191-A8B3-0AEBA8AC6B5E}.Release|x86.ActiveCfg = Release|Any CPU
		{4EFBC187-7C3E-4191-A8B3-0AEBA8AC6B5E}.Release|x86.Build.0 = Release|Any CPU
		{4EFBC187-7C3E-4191-A8B3-0AEBA8AC6B5E}.Release|x86.Deploy.0 = Release|Any CPU
		{CEFA23D9-AA26-4DE4-8ACA-8344B243597F}.Debug|Any CPU.ActiveCfg = Debug|iPhoneSimulator
		{CEFA23D9-AA26-4DE4-8ACA-8344B243597F}.Debug|Any CPU.Build.0 = Debug|iPhoneSimulator
		{CEFA23D9-AA26-4DE4-8ACA-8344B243597F}.Debug|Any CPU.Deploy.0 = Debug|iPhoneSimulator
		{CEFA23D9-AA26-4DE4-8ACA-8344B243597F}.Debug|ARM.ActiveCfg = Debug|iPhone
		{CEFA23D9-AA26-4DE4-8ACA-8344B243597F}.Debug|ARM.Build.0 = Debug|iPhone
		{CEFA23D9-AA26-4DE4-8ACA-8344B243597F}.Debug|ARM.Deploy.0 = Debug|iPhone
		{CEFA23D9-AA26-4DE4-8ACA-8344B243597F}.Debug|iPhone.ActiveCfg = Debug|iPhone
		{CEFA23D9-AA26-4DE4-8ACA-8344B243597F}.Debug|iPhone.Build.0 = Debug|iPhone
		{CEFA23D9-AA26-4DE4-8ACA-8344B243597F}.Debug|iPhone.Deploy.0 = Debug|iPhone
		{CEFA23D9-AA26-4DE4-8ACA-8344B243597F}.Debug|iPhoneSimulator.ActiveCfg = Debug|iPhoneSimulator
		{CEFA23D9-AA26-4DE4-8ACA-8344B243597F}.Debug|iPhoneSimulator.Build.0 = Debug|iPhoneSimulator
		{CEFA23D9-AA26-4DE4-8ACA-8344B243597F}.Debug|iPhoneSimulator.Deploy.0 = Debug|iPhoneSimulator
		{CEFA23D9-AA26-4DE4-8ACA-8344B243597F}.Debug|x64.ActiveCfg = Debug|iPhoneSimulator
		{CEFA23D9-AA26-4DE4-8ACA-8344B243597F}.Debug|x64.Build.0 = Debug|iPhoneSimulator
		{CEFA23D9-AA26-4DE4-8ACA-8344B243597F}.Debug|x64.Deploy.0 = Debug|iPhoneSimulator
		{CEFA23D9-AA26-4DE4-8ACA-8344B243597F}.Debug|x86.ActiveCfg = Debug|iPhoneSimulator
		{CEFA23D9-AA26-4DE4-8ACA-8344B243597F}.Debug|x86.Build.0 = Debug|iPhoneSimulator
		{CEFA23D9-AA26-4DE4-8ACA-8344B243597F}.Debug|x86.Deploy.0 = Debug|iPhoneSimulator
		{CEFA23D9-AA26-4DE4-8ACA-8344B243597F}.Release|Any CPU.ActiveCfg = Release|iPhoneSimulator
		{CEFA23D9-AA26-4DE4-8ACA-8344B243597F}.Release|Any CPU.Build.0 = Release|iPhoneSimulator
		{CEFA23D9-AA26-4DE4-8ACA-8344B243597F}.Release|Any CPU.Deploy.0 = Release|iPhoneSimulator
		{CEFA23D9-AA26-4DE4-8ACA-8344B243597F}.Release|ARM.ActiveCfg = Release|iPhoneSimulator
		{CEFA23D9-AA26-4DE4-8ACA-8344B243597F}.Release|ARM.Build.0 = Release|iPhoneSimulator
		{CEFA23D9-AA26-4DE4-8ACA-8344B243597F}.Release|ARM.Deploy.0 = Release|iPhoneSimulator
		{CEFA23D9-AA26-4DE4-8ACA-8344B243597F}.Release|iPhone.ActiveCfg = Release|iPhone
		{CEFA23D9-AA26-4DE4-8ACA-8344B243597F}.Release|iPhone.Build.0 = Release|iPhone
		{CEFA23D9-AA26-4DE4-8ACA-8344B243597F}.Release|iPhone.Deploy.0 = Release|iPhone
		{CEFA23D9-AA26-4DE4-8ACA-8344B243597F}.Release|iPhoneSimulator.ActiveCfg = Release|iPhoneSimulator
		{CEFA23D9-AA26-4DE4-8ACA-8344B243597F}.Release|iPhoneSimulator.Build.0 = Release|iPhoneSimulator
		{CEFA23D9-AA26-4DE4-8ACA-8344B243597F}.Release|iPhoneSimulator.Deploy.0 = Release|iPhoneSimulator
		{CEFA23D9-AA26-4DE4-8ACA-8344B243597F}.Release|x64.ActiveCfg = Release|iPhoneSimulator
		{CEFA23D9-AA26-4DE4-8ACA-8344B243597F}.Release|x64.Build.0 = Release|iPhoneSimulator
		{CEFA23D9-AA26-4DE4-8ACA-8344B243597F}.Release|x64.Deploy.0 = Release|iPhoneSimulator
		{CEFA23D9-AA26-4DE4-8ACA-8344B243597F}.Release|x86.ActiveCfg = Release|iPhoneSimulator
		{CEFA23D9-AA26-4DE4-8ACA-8344B243597F}.Release|x86.Build.0 = Release|iPhoneSimulator
		{CEFA23D9-AA26-4DE4-8ACA-8344B243597F}.Release|x86.Deploy.0 = Release|iPhoneSimulator
		{9BF2874D-1BCA-4E7C-ACE7-AE979AE1C060}.Debug|Any CPU.ActiveCfg = Debug|Any CPU
		{9BF2874D-1BCA-4E7C-ACE7-AE979AE1C060}.Debug|Any CPU.Build.0 = Debug|Any CPU
		{9BF2874D-1BCA-4E7C-ACE7-AE979AE1C060}.Debug|Any CPU.Deploy.0 = Debug|Any CPU
		{9BF2874D-1BCA-4E7C-ACE7-AE979AE1C060}.Debug|ARM.ActiveCfg = Debug|Any CPU
		{9BF2874D-1BCA-4E7C-ACE7-AE979AE1C060}.Debug|ARM.Build.0 = Debug|Any CPU
		{9BF2874D-1BCA-4E7C-ACE7-AE979AE1C060}.Debug|ARM.Deploy.0 = Debug|Any CPU
		{9BF2874D-1BCA-4E7C-ACE7-AE979AE1C060}.Debug|iPhone.ActiveCfg = Debug|Any CPU
		{9BF2874D-1BCA-4E7C-ACE7-AE979AE1C060}.Debug|iPhone.Build.0 = Debug|Any CPU
		{9BF2874D-1BCA-4E7C-ACE7-AE979AE1C060}.Debug|iPhone.Deploy.0 = Debug|Any CPU
		{9BF2874D-1BCA-4E7C-ACE7-AE979AE1C060}.Debug|iPhoneSimulator.ActiveCfg = Debug|Any CPU
		{9BF2874D-1BCA-4E7C-ACE7-AE979AE1C060}.Debug|iPhoneSimulator.Build.0 = Debug|Any CPU
		{9BF2874D-1BCA-4E7C-ACE7-AE979AE1C060}.Debug|iPhoneSimulator.Deploy.0 = Debug|Any CPU
		{9BF2874D-1BCA-4E7C-ACE7-AE979AE1C060}.Debug|x64.ActiveCfg = Debug|Any CPU
		{9BF2874D-1BCA-4E7C-ACE7-AE979AE1C060}.Debug|x64.Build.0 = Debug|Any CPU
		{9BF2874D-1BCA-4E7C-ACE7-AE979AE1C060}.Debug|x64.Deploy.0 = Debug|Any CPU
		{9BF2874D-1BCA-4E7C-ACE7-AE979AE1C060}.Debug|x86.ActiveCfg = Debug|Any CPU
		{9BF2874D-1BCA-4E7C-ACE7-AE979AE1C060}.Debug|x86.Build.0 = Debug|Any CPU
		{9BF2874D-1BCA-4E7C-ACE7-AE979AE1C060}.Debug|x86.Deploy.0 = Debug|Any CPU
		{9BF2874D-1BCA-4E7C-ACE7-AE979AE1C060}.Release|Any CPU.ActiveCfg = Release|Any CPU
		{9BF2874D-1BCA-4E7C-ACE7-AE979AE1C060}.Release|Any CPU.Build.0 = Release|Any CPU
		{9BF2874D-1BCA-4E7C-ACE7-AE979AE1C060}.Release|Any CPU.Deploy.0 = Release|Any CPU
		{9BF2874D-1BCA-4E7C-ACE7-AE979AE1C060}.Release|ARM.ActiveCfg = Release|Any CPU
		{9BF2874D-1BCA-4E7C-ACE7-AE979AE1C060}.Release|ARM.Build.0 = Release|Any CPU
		{9BF2874D-1BCA-4E7C-ACE7-AE979AE1C060}.Release|ARM.Deploy.0 = Release|Any CPU
		{9BF2874D-1BCA-4E7C-ACE7-AE979AE1C060}.Release|iPhone.ActiveCfg = Release|Any CPU
		{9BF2874D-1BCA-4E7C-ACE7-AE979AE1C060}.Release|iPhone.Build.0 = Release|Any CPU
		{9BF2874D-1BCA-4E7C-ACE7-AE979AE1C060}.Release|iPhone.Deploy.0 = Release|Any CPU
		{9BF2874D-1BCA-4E7C-ACE7-AE979AE1C060}.Release|iPhoneSimulator.ActiveCfg = Release|Any CPU
		{9BF2874D-1BCA-4E7C-ACE7-AE979AE1C060}.Release|iPhoneSimulator.Build.0 = Release|Any CPU
		{9BF2874D-1BCA-4E7C-ACE7-AE979AE1C060}.Release|iPhoneSimulator.Deploy.0 = Release|Any CPU
		{9BF2874D-1BCA-4E7C-ACE7-AE979AE1C060}.Release|x64.ActiveCfg = Release|Any CPU
		{9BF2874D-1BCA-4E7C-ACE7-AE979AE1C060}.Release|x64.Build.0 = Release|Any CPU
		{9BF2874D-1BCA-4E7C-ACE7-AE979AE1C060}.Release|x64.Deploy.0 = Release|Any CPU
		{9BF2874D-1BCA-4E7C-ACE7-AE979AE1C060}.Release|x86.ActiveCfg = Release|Any CPU
		{9BF2874D-1BCA-4E7C-ACE7-AE979AE1C060}.Release|x86.Build.0 = Release|Any CPU
		{9BF2874D-1BCA-4E7C-ACE7-AE979AE1C060}.Release|x86.Deploy.0 = Release|Any CPU
	EndGlobalSection
	GlobalSection(SolutionProperties) = preSolution
		HideSolutionNode = FALSE
	EndGlobalSection
	GlobalSection(ExtensibilityGlobals) = postSolution
		SolutionGuid = {C9881E05-2122-473B-8144-9F3999D74D89}
	EndGlobalSection
EndGlobal
